
Microsoft Visual Studio Solution File, Format Version 12.00
# Visual Studio Version 17
VisualStudioVersion = 17.11.35312.102
MinimumVisualStudioVersion = 10.0.40219.1
Project("{2150E333-8FDC-42A3-9474-1A3956D46DE8}") = "Task0", "Task0", "{CBF753F6-9232-4B98-ADAD-495DAA54D588}"
EndProject
Project("{9A19103F-16F7-4668-BE54-9A1E7A4F7556}") = "Tyuiu.ZhanabaevTA.Sprint4.Task0.V26.Lib", "Tyuiu.ZhanabaevTA.Sprint4.Task0.V26.Lib\Tyuiu.ZhanabaevTA.Sprint4.Task0.V26.Lib.csproj", "{4F71353D-742D-4A08-B12A-EB3475C21EE7}"
EndProject
Project("{9A19103F-16F7-4668-BE54-9A1E7A4F7556}") = "Tyuiu.ZhanabaevTA.Sprint4.Task0.V26", "Tyuiu.ZhanabaevTA.Sprint4.Task0.V26\Tyuiu.ZhanabaevTA.Sprint4.Task0.V26.csproj", "{F2C3135B-1E85-4355-956F-59CEEC868DF7}"
EndProject
Project("{9A19103F-16F7-4668-BE54-9A1E7A4F7556}") = "Tyuiu.ZhanabaevTA.Sprint4.Task0.V26.Test", "Tyuiu.ZhanabaevTA.Sprint4.Task0.V26.Test\Tyuiu.ZhanabaevTA.Sprint4.Task0.V26.Test.csproj", "{87A0F283-9EE6-4A5B-85ED-93ACBAE312FC}"
EndProject
Project("{2150E333-8FDC-42A3-9474-1A3956D46DE8}") = "Task1", "Task1", "{8C41B2BA-1F89-44AF-BA69-3283F0EC1959}"
EndProject
Project("{9A19103F-16F7-4668-BE54-9A1E7A4F7556}") = "Tyuiu.ZhanabaevTA.Sprint4.Task1.V22.Lib", "Tyuiu.ZhanabaevTA.Sprint4.Task1.V22.Lib\Tyuiu.ZhanabaevTA.Sprint4.Task1.V22.Lib.csproj", "{21408CA6-2E60-4695-BF60-1DEEC3639CD4}"
EndProject
Project("{9A19103F-16F7-4668-BE54-9A1E7A4F7556}") = "Tyuiu.ZhanabaevTA.Sprint4.Task1.V22.Test", "Tyuiu.ZhanabaevTA.Sprint4.Task1.V22.Test\Tyuiu.ZhanabaevTA.Sprint4.Task1.V22.Test.csproj", "{FAFF0FC2-97C9-4A72-A7D1-03D064EAA092}"
EndProject
Project("{9A19103F-16F7-4668-BE54-9A1E7A4F7556}") = "Tyuiu.ZhanabaevTA.Sprint4.Task1.V22", "Tyuiu.ZhanabaevTA.Sprint4.Task1.V22\Tyuiu.ZhanabaevTA.Sprint4.Task1.V22.csproj", "{216E3837-3D71-4E05-887C-26ABB75E7575}"
EndProject
Project("{2150E333-8FDC-42A3-9474-1A3956D46DE8}") = "Task2", "Task2", "{BB3CB36B-D5E6-4B9A-BA14-F58A1F9AA1C6}"
EndProject
Project("{9A19103F-16F7-4668-BE54-9A1E7A4F7556}") = "Tyuiu.ZhanabaevTA.Sprint4.Task2.V2.Lib", "Tyuiu.ZhanabaevTA.Sprint4.Task2.V2.Lib\Tyuiu.ZhanabaevTA.Sprint4.Task2.V2.Lib.csproj", "{FA5EB06B-EC4F-4D27-8A56-1E460344D6C5}"
EndProject
Project("{9A19103F-16F7-4668-BE54-9A1E7A4F7556}") = "Tyuiu.ZhanabaevTA.Sprint4.Task2.V2.Test", "Tyuiu.ZhanabaevTA.Sprint4.Task2.V2.Test\Tyuiu.ZhanabaevTA.Sprint4.Task2.V2.Test.csproj", "{2FE3D73E-B401-44D4-98D8-D6C55DA10261}"
EndProject
Project("{9A19103F-16F7-4668-BE54-9A1E7A4F7556}") = "Tyuiu.ZhanabaevTA.Sprint4.Task2.V2", "Tyuiu.ZhanabaevTA.Sprint4.Task2.V2\Tyuiu.ZhanabaevTA.Sprint4.Task2.V2.csproj", "{E0E91D6E-588B-41E6-9236-DEF874166F90}"
EndProject
Project("{2150E333-8FDC-42A3-9474-1A3956D46DE8}") = "Task3", "Task3", "{27CFF0B3-C45E-4679-8EA6-3E91E8CEA867}"
EndProject
Project("{9A19103F-16F7-4668-BE54-9A1E7A4F7556}") = "Tyuiu.ZhanabaevTA.Sprint4.Task3.V27.Lib", "Tyuiu.ZhanabaevTA.Sprint4.Task3.V27.Lib\Tyuiu.ZhanabaevTA.Sprint4.Task3.V27.Lib.csproj", "{4A317981-BE29-4E3C-8FFB-97DAD5489982}"
EndProject
Project("{9A19103F-16F7-4668-BE54-9A1E7A4F7556}") = "Tyuiu.ZhanabaevTA.Sprint4.Task3.V27.Test", "Tyuiu.ZhanabaevTA.Sprint4.Task3.V27.Test\Tyuiu.ZhanabaevTA.Sprint4.Task3.V27.Test.csproj", "{E49A5FDC-F0D2-4594-8EB0-F8B0D4D7EFB9}"
EndProject
Project("{9A19103F-16F7-4668-BE54-9A1E7A4F7556}") = "Tyuiu.ZhanabaevTA.Sprint4.Task3.V27", "Tyuiu.ZhanabaevTA.Sprint4.Task3.V27\Tyuiu.ZhanabaevTA.Sprint4.Task3.V27.csproj", "{82EE89CE-1636-4CEE-BA06-4BC32F43D930}"
EndProject
Project("{2150E333-8FDC-42A3-9474-1A3956D46DE8}") = "Task4", "Task4", "{119A836F-7924-495D-9210-D6F75311A0CD}"
EndProject
Project("{9A19103F-16F7-4668-BE54-9A1E7A4F7556}") = "Tyuiu.ZhanabaevTA.Sprint4.Task4.V30.Lib", "Tyuiu.ZhanabaevTA.Sprint4.Task4.V30.Lib\Tyuiu.ZhanabaevTA.Sprint4.Task4.V30.Lib.csproj", "{B00429F8-FF87-45B7-B943-D1D11D574B94}"
EndProject
Project("{9A19103F-16F7-4668-BE54-9A1E7A4F7556}") = "Tyuiu.ZhanabaevTA.Sprint4.Task4.V30", "Tyuiu.ZhanabaevTA.Sprint4.Task4.V30\Tyuiu.ZhanabaevTA.Sprint4.Task4.V30.csproj", "{5F412F8E-091A-4F42-85BE-0B69CD5F2CD4}"
EndProject
Project("{2150E333-8FDC-42A3-9474-1A3956D46DE8}") = "Task5", "Task5", "{F6C2C907-1CD2-402E-AD9D-4B3158282673}"
EndProject
Project("{9A19103F-16F7-4668-BE54-9A1E7A4F7556}") = "Tyuiu.ZhanabaevTA.Sprint4.Task5.V12.Lib", "Tyuiu.ZhanabaevTA.Sprint4.Task5.V12.Lib\Tyuiu.ZhanabaevTA.Sprint4.Task5.V12.Lib.csproj", "{855363BF-D5F4-49DF-9388-5476BD13A034}"
EndProject
Project("{9A19103F-16F7-4668-BE54-9A1E7A4F7556}") = "Tyuiu.ZhanabaevTA.Sprint4.Task4.V30.Test", "Tyuiu.ZhanabaevTA.Sprint4.Task4.V30.Test\Tyuiu.ZhanabaevTA.Sprint4.Task4.V30.Test.csproj", "{E8625D36-942A-45E6-B5DE-D77BCE92AC83}"
EndProject
Project("{9A19103F-16F7-4668-BE54-9A1E7A4F7556}") = "Tyuiu.ZhanabaevTA.Sprint4.Task5.V12.Test", "Tyuiu.ZhanabaevTA.Sprint4.Task5.V12.Test\Tyuiu.ZhanabaevTA.Sprint4.Task5.V12.Test.csproj", "{893E04C1-73DE-400A-91E2-68A8674375E4}"
EndProject
Project("{9A19103F-16F7-4668-BE54-9A1E7A4F7556}") = "Tyuiu.ZhanabaevTA.Sprint4.Task5.V12", "Tyuiu.ZhanabaevTA.Sprint4.Task5.V12\Tyuiu.ZhanabaevTA.Sprint4.Task5.V12.csproj", "{FD2AD53B-CF0A-4ABC-AA1D-4E7AC617CF5D}"
EndProject
Project("{2150E333-8FDC-42A3-9474-1A3956D46DE8}") = "Task6", "Task6", "{62C8436A-1EF2-4E80-B112-8210495D5050}"
EndProject
Project("{FAE04EC0-301F-11D3-BF4B-00C04F79EFBC}") = "Tyuiu.ZhanabaevTA.Sprint4.Task6.V25.Lib", "Tyuiu.ZhanabaevTA.Sprint4.Task6.V25.Lib\Tyuiu.ZhanabaevTA.Sprint4.Task6.V25.Lib.csproj", "{B7CF96A1-29CE-472C-A8F7-1EA6DE2859AD}"
EndProject
Project("{FAE04EC0-301F-11D3-BF4B-00C04F79EFBC}") = "Tyuiu.ZhanabaevTA.Sprint4.Task6.V25.Test", "Tyuiu.ZhanabaevTA.Sprint4.Task6.V25.Test\Tyuiu.ZhanabaevTA.Sprint4.Task6.V25.Test.csproj", "{94D5E45F-7E0B-43A2-90D8-3BE42477588D}"
EndProject
Project("{FAE04EC0-301F-11D3-BF4B-00C04F79EFBC}") = "Tyuiu.ZhanabaevTA.Sprint4.Task6.V25", "Tyuiu.ZhanabaevTA.Sprint4.Task6.V25\Tyuiu.ZhanabaevTA.Sprint4.Task6.V25.csproj", "{B9CECB62-C683-49A0-8B4A-656DA29F05BC}"
EndProject
Project("{2150E333-8FDC-42A3-9474-1A3956D46DE8}") = "Task7", "Task7", "{8693690B-1F4C-4B11-B276-A5BD7F352805}"
EndProject
Project("{FAE04EC0-301F-11D3-BF4B-00C04F79EFBC}") = "Tyuiu.ZhanabaevTA.Sprint4.Task7.V21.Lib", "Tyuiu.ZhanabaevTA.Sprint4.Task7.V21.Lib\Tyuiu.ZhanabaevTA.Sprint4.Task7.V21.Lib.csproj", "{039E0F15-540A-4969-987F-66D87F3006FA}"
EndProject
Project("{FAE04EC0-301F-11D3-BF4B-00C04F79EFBC}") = "Tyuiu.ZhanabaevTA.Sprint4.Task7.V21.Test", "Tyuiu.ZhanabaevTA.Sprint4.Task7.V21.Test\Tyuiu.ZhanabaevTA.Sprint4.Task7.V21.Test.csproj", "{A461BC33-D6FA-4933-8250-C505363CC6AD}"
EndProject
Project("{FAE04EC0-301F-11D3-BF4B-00C04F79EFBC}") = "Tyuiu.ZhanabaevTA.Sprint4.Task7.V21", "Tyuiu.ZhanabaevTA.Sprint4.Task7.V21\Tyuiu.ZhanabaevTA.Sprint4.Task7.V21.csproj", "{2C1CC9AA-90E6-4A8B-BB09-5E2B84939F05}"
EndProject
Global
	GlobalSection(SolutionConfigurationPlatforms) = preSolution
		Debug|Any CPU = Debug|Any CPU
		Release|Any CPU = Release|Any CPU
	EndGlobalSection
	GlobalSection(ProjectConfigurationPlatforms) = postSolution
		{4F71353D-742D-4A08-B12A-EB3475C21EE7}.Debug|Any CPU.ActiveCfg = Debug|Any CPU
		{4F71353D-742D-4A08-B12A-EB3475C21EE7}.Debug|Any CPU.Build.0 = Debug|Any CPU
		{4F71353D-742D-4A08-B12A-EB3475C21EE7}.Release|Any CPU.ActiveCfg = Release|Any CPU
		{4F71353D-742D-4A08-B12A-EB3475C21EE7}.Release|Any CPU.Build.0 = Release|Any CPU
		{F2C3135B-1E85-4355-956F-59CEEC868DF7}.Debug|Any CPU.ActiveCfg = Debug|Any CPU
		{F2C3135B-1E85-4355-956F-59CEEC868DF7}.Debug|Any CPU.Build.0 = Debug|Any CPU
		{F2C3135B-1E85-4355-956F-59CEEC868DF7}.Release|Any CPU.ActiveCfg = Release|Any CPU
		{F2C3135B-1E85-4355-956F-59CEEC868DF7}.Release|Any CPU.Build.0 = Release|Any CPU
		{87A0F283-9EE6-4A5B-85ED-93ACBAE312FC}.Debug|Any CPU.ActiveCfg = Debug|Any CPU
		{87A0F283-9EE6-4A5B-85ED-93ACBAE312FC}.Debug|Any CPU.Build.0 = Debug|Any CPU
		{87A0F283-9EE6-4A5B-85ED-93ACBAE312FC}.Release|Any CPU.ActiveCfg = Release|Any CPU
		{87A0F283-9EE6-4A5B-85ED-93ACBAE312FC}.Release|Any CPU.Build.0 = Release|Any CPU
		{21408CA6-2E60-4695-BF60-1DEEC3639CD4}.Debug|Any CPU.ActiveCfg = Debug|Any CPU
		{21408CA6-2E60-4695-BF60-1DEEC3639CD4}.Debug|Any CPU.Build.0 = Debug|Any CPU
		{21408CA6-2E60-4695-BF60-1DEEC3639CD4}.Release|Any CPU.ActiveCfg = Release|Any CPU
		{21408CA6-2E60-4695-BF60-1DEEC3639CD4}.Release|Any CPU.Build.0 = Release|Any CPU
		{FAFF0FC2-97C9-4A72-A7D1-03D064EAA092}.Debug|Any CPU.ActiveCfg = Debug|Any CPU
		{FAFF0FC2-97C9-4A72-A7D1-03D064EAA092}.Debug|Any CPU.Build.0 = Debug|Any CPU
		{FAFF0FC2-97C9-4A72-A7D1-03D064EAA092}.Release|Any CPU.ActiveCfg = Release|Any CPU
		{FAFF0FC2-97C9-4A72-A7D1-03D064EAA092}.Release|Any CPU.Build.0 = Release|Any CPU
		{216E3837-3D71-4E05-887C-26ABB75E7575}.Debug|Any CPU.ActiveCfg = Debug|Any CPU
		{216E3837-3D71-4E05-887C-26ABB75E7575}.Debug|Any CPU.Build.0 = Debug|Any CPU
		{216E3837-3D71-4E05-887C-26ABB75E7575}.Release|Any CPU.ActiveCfg = Release|Any CPU
		{216E3837-3D71-4E05-887C-26ABB75E7575}.Release|Any CPU.Build.0 = Release|Any CPU
		{FA5EB06B-EC4F-4D27-8A56-1E460344D6C5}.Debug|Any CPU.ActiveCfg = Debug|Any CPU
		{FA5EB06B-EC4F-4D27-8A56-1E460344D6C5}.Debug|Any CPU.Build.0 = Debug|Any CPU
		{FA5EB06B-EC4F-4D27-8A56-1E460344D6C5}.Release|Any CPU.ActiveCfg = Release|Any CPU
		{FA5EB06B-EC4F-4D27-8A56-1E460344D6C5}.Release|Any CPU.Build.0 = Release|Any CPU
		{2FE3D73E-B401-44D4-98D8-D6C55DA10261}.Debug|Any CPU.ActiveCfg = Debug|Any CPU
		{2FE3D73E-B401-44D4-98D8-D6C55DA10261}.Debug|Any CPU.Build.0 = Debug|Any CPU
		{2FE3D73E-B401-44D4-98D8-D6C55DA10261}.Release|Any CPU.ActiveCfg = Release|Any CPU
		{2FE3D73E-B401-44D4-98D8-D6C55DA10261}.Release|Any CPU.Build.0 = Release|Any CPU
		{E0E91D6E-588B-41E6-9236-DEF874166F90}.Debug|Any CPU.ActiveCfg = Debug|Any CPU
		{E0E91D6E-588B-41E6-9236-DEF874166F90}.Debug|Any CPU.Build.0 = Debug|Any CPU
		{E0E91D6E-588B-41E6-9236-DEF874166F90}.Release|Any CPU.ActiveCfg = Release|Any CPU
		{E0E91D6E-588B-41E6-9236-DEF874166F90}.Release|Any CPU.Build.0 = Release|Any CPU
		{4A317981-BE29-4E3C-8FFB-97DAD5489982}.Debug|Any CPU.ActiveCfg = Debug|Any CPU
		{4A317981-BE29-4E3C-8FFB-97DAD5489982}.Debug|Any CPU.Build.0 = Debug|Any CPU
		{4A317981-BE29-4E3C-8FFB-97DAD5489982}.Release|Any CPU.ActiveCfg = Release|Any CPU
		{4A317981-BE29-4E3C-8FFB-97DAD5489982}.Release|Any CPU.Build.0 = Release|Any CPU
		{E49A5FDC-F0D2-4594-8EB0-F8B0D4D7EFB9}.Debug|Any CPU.ActiveCfg = Debug|Any CPU
		{E49A5FDC-F0D2-4594-8EB0-F8B0D4D7EFB9}.Debug|Any CPU.Build.0 = Debug|Any CPU
		{E49A5FDC-F0D2-4594-8EB0-F8B0D4D7EFB9}.Release|Any CPU.ActiveCfg = Release|Any CPU
		{E49A5FDC-F0D2-4594-8EB0-F8B0D4D7EFB9}.Release|Any CPU.Build.0 = Release|Any CPU
		{82EE89CE-1636-4CEE-BA06-4BC32F43D930}.Debug|Any CPU.ActiveCfg = Debug|Any CPU
		{82EE89CE-1636-4CEE-BA06-4BC32F43D930}.Debug|Any CPU.Build.0 = Debug|Any CPU
		{82EE89CE-1636-4CEE-BA06-4BC32F43D930}.Release|Any CPU.ActiveCfg = Release|Any CPU
		{82EE89CE-1636-4CEE-BA06-4BC32F43D930}.Release|Any CPU.Build.0 = Release|Any CPU
		{B00429F8-FF87-45B7-B943-D1D11D574B94}.Debug|Any CPU.ActiveCfg = Debug|Any CPU
		{B00429F8-FF87-45B7-B943-D1D11D574B94}.Debug|Any CPU.Build.0 = Debug|Any CPU
		{B00429F8-FF87-45B7-B943-D1D11D574B94}.Release|Any CPU.ActiveCfg = Release|Any CPU
		{B00429F8-FF87-45B7-B943-D1D11D574B94}.Release|Any CPU.Build.0 = Release|Any CPU
		{5F412F8E-091A-4F42-85BE-0B69CD5F2CD4}.Debug|Any CPU.ActiveCfg = Debug|Any CPU
		{5F412F8E-091A-4F42-85BE-0B69CD5F2CD4}.Debug|Any CPU.Build.0 = Debug|Any CPU
		{5F412F8E-091A-4F42-85BE-0B69CD5F2CD4}.Release|Any CPU.ActiveCfg = Release|Any CPU
		{5F412F8E-091A-4F42-85BE-0B69CD5F2CD4}.Release|Any CPU.Build.0 = Release|Any CPU
		{855363BF-D5F4-49DF-9388-5476BD13A034}.Debug|Any CPU.ActiveCfg = Debug|Any CPU
		{855363BF-D5F4-49DF-9388-5476BD13A034}.Debug|Any CPU.Build.0 = Debug|Any CPU
		{855363BF-D5F4-49DF-9388-5476BD13A034}.Release|Any CPU.ActiveCfg = Release|Any CPU
		{855363BF-D5F4-49DF-9388-5476BD13A034}.Release|Any CPU.Build.0 = Release|Any CPU
		{E8625D36-942A-45E6-B5DE-D77BCE92AC83}.Debug|Any CPU.ActiveCfg = Debug|Any CPU
		{E8625D36-942A-45E6-B5DE-D77BCE92AC83}.Debug|Any CPU.Build.0 = Debug|Any CPU
		{E8625D36-942A-45E6-B5DE-D77BCE92AC83}.Release|Any CPU.ActiveCfg = Release|Any CPU
		{E8625D36-942A-45E6-B5DE-D77BCE92AC83}.Release|Any CPU.Build.0 = Release|Any CPU
		{893E04C1-73DE-400A-91E2-68A8674375E4}.Debug|Any CPU.ActiveCfg = Debug|Any CPU
		{893E04C1-73DE-400A-91E2-68A8674375E4}.Debug|Any CPU.Build.0 = Debug|Any CPU
		{893E04C1-73DE-400A-91E2-68A8674375E4}.Release|Any CPU.ActiveCfg = Release|Any CPU
		{893E04C1-73DE-400A-91E2-68A8674375E4}.Release|Any CPU.Build.0 = Release|Any CPU
		{FD2AD53B-CF0A-4ABC-AA1D-4E7AC617CF5D}.Debug|Any CPU.ActiveCfg = Debug|Any CPU
		{FD2AD53B-CF0A-4ABC-AA1D-4E7AC617CF5D}.Debug|Any CPU.Build.0 = Debug|Any CPU
		{FD2AD53B-CF0A-4ABC-AA1D-4E7AC617CF5D}.Release|Any CPU.ActiveCfg = Release|Any CPU
		{FD2AD53B-CF0A-4ABC-AA1D-4E7AC617CF5D}.Release|Any CPU.Build.0 = Release|Any CPU
		{B7CF96A1-29CE-472C-A8F7-1EA6DE2859AD}.Debug|Any CPU.ActiveCfg = Debug|Any CPU
		{B7CF96A1-29CE-472C-A8F7-1EA6DE2859AD}.Debug|Any CPU.Build.0 = Debug|Any CPU
		{B7CF96A1-29CE-472C-A8F7-1EA6DE2859AD}.Release|Any CPU.ActiveCfg = Release|Any CPU
		{B7CF96A1-29CE-472C-A8F7-1EA6DE2859AD}.Release|Any CPU.Build.0 = Release|Any CPU
		{94D5E45F-7E0B-43A2-90D8-3BE42477588D}.Debug|Any CPU.ActiveCfg = Debug|Any CPU
		{94D5E45F-7E0B-43A2-90D8-3BE42477588D}.Debug|Any CPU.Build.0 = Debug|Any CPU
		{94D5E45F-7E0B-43A2-90D8-3BE42477588D}.Release|Any CPU.ActiveCfg = Release|Any CPU
		{94D5E45F-7E0B-43A2-90D8-3BE42477588D}.Release|Any CPU.Build.0 = Release|Any CPU
		{B9CECB62-C683-49A0-8B4A-656DA29F05BC}.Debug|Any CPU.ActiveCfg = Debug|Any CPU
		{B9CECB62-C683-49A0-8B4A-656DA29F05BC}.Debug|Any CPU.Build.0 = Debug|Any CPU
		{B9CECB62-C683-49A0-8B4A-656DA29F05BC}.Release|Any CPU.ActiveCfg = Release|Any CPU
		{B9CECB62-C683-49A0-8B4A-656DA29F05BC}.Release|Any CPU.Build.0 = Release|Any CPU
		{039E0F15-540A-4969-987F-66D87F3006FA}.Debug|Any CPU.ActiveCfg = Debug|Any CPU
		{039E0F15-540A-4969-987F-66D87F3006FA}.Debug|Any CPU.Build.0 = Debug|Any CPU
		{039E0F15-540A-4969-987F-66D87F3006FA}.Release|Any CPU.ActiveCfg = Release|Any CPU
		{039E0F15-540A-4969-987F-66D87F3006FA}.Release|Any CPU.Build.0 = Release|Any CPU
		{A461BC33-D6FA-4933-8250-C505363CC6AD}.Debug|Any CPU.ActiveCfg = Debug|Any CPU
		{A461BC33-D6FA-4933-8250-C505363CC6AD}.Debug|Any CPU.Build.0 = Debug|Any CPU
		{A461BC33-D6FA-4933-8250-C505363CC6AD}.Release|Any CPU.ActiveCfg = Release|Any CPU
		{A461BC33-D6FA-4933-8250-C505363CC6AD}.Release|Any CPU.Build.0 = Release|Any CPU
		{2C1CC9AA-90E6-4A8B-BB09-5E2B84939F05}.Debug|Any CPU.ActiveCfg = Debug|Any CPU
		{2C1CC9AA-90E6-4A8B-BB09-5E2B84939F05}.Debug|Any CPU.Build.0 = Debug|Any CPU
		{2C1CC9AA-90E6-4A8B-BB09-5E2B84939F05}.Release|Any CPU.ActiveCfg = Release|Any CPU
		{2C1CC9AA-90E6-4A8B-BB09-5E2B84939F05}.Release|Any CPU.Build.0 = Release|Any CPU
	EndGlobalSection
	GlobalSection(SolutionProperties) = preSolution
		HideSolutionNode = FALSE
	EndGlobalSection
	GlobalSection(NestedProjects) = preSolution
		{4F71353D-742D-4A08-B12A-EB3475C21EE7} = {CBF753F6-9232-4B98-ADAD-495DAA54D588}
		{F2C3135B-1E85-4355-956F-59CEEC868DF7} = {CBF753F6-9232-4B98-ADAD-495DAA54D588}
		{87A0F283-9EE6-4A5B-85ED-93ACBAE312FC} = {CBF753F6-9232-4B98-ADAD-495DAA54D588}
		{21408CA6-2E60-4695-BF60-1DEEC3639CD4} = {8C41B2BA-1F89-44AF-BA69-3283F0EC1959}
		{FAFF0FC2-97C9-4A72-A7D1-03D064EAA092} = {8C41B2BA-1F89-44AF-BA69-3283F0EC1959}
		{216E3837-3D71-4E05-887C-26ABB75E7575} = {8C41B2BA-1F89-44AF-BA69-3283F0EC1959}
		{FA5EB06B-EC4F-4D27-8A56-1E460344D6C5} = {BB3CB36B-D5E6-4B9A-BA14-F58A1F9AA1C6}
		{2FE3D73E-B401-44D4-98D8-D6C55DA10261} = {BB3CB36B-D5E6-4B9A-BA14-F58A1F9AA1C6}
		{E0E91D6E-588B-41E6-9236-DEF874166F90} = {BB3CB36B-D5E6-4B9A-BA14-F58A1F9AA1C6}
		{4A317981-BE29-4E3C-8FFB-97DAD5489982} = {27CFF0B3-C45E-4679-8EA6-3E91E8CEA867}
		{E49A5FDC-F0D2-4594-8EB0-F8B0D4D7EFB9} = {27CFF0B3-C45E-4679-8EA6-3E91E8CEA867}
		{82EE89CE-1636-4CEE-BA06-4BC32F43D930} = {27CFF0B3-C45E-4679-8EA6-3E91E8CEA867}
		{B00429F8-FF87-45B7-B943-D1D11D574B94} = {119A836F-7924-495D-9210-D6F75311A0CD}
		{5F412F8E-091A-4F42-85BE-0B69CD5F2CD4} = {119A836F-7924-495D-9210-D6F75311A0CD}
		{855363BF-D5F4-49DF-9388-5476BD13A034} = {F6C2C907-1CD2-402E-AD9D-4B3158282673}
		{E8625D36-942A-45E6-B5DE-D77BCE92AC83} = {119A836F-7924-495D-9210-D6F75311A0CD}
		{893E04C1-73DE-400A-91E2-68A8674375E4} = {F6C2C907-1CD2-402E-AD9D-4B3158282673}
		{FD2AD53B-CF0A-4ABC-AA1D-4E7AC617CF5D} = {F6C2C907-1CD2-402E-AD9D-4B3158282673}
		{B7CF96A1-29CE-472C-A8F7-1EA6DE2859AD} = {62C8436A-1EF2-4E80-B112-8210495D5050}
		{94D5E45F-7E0B-43A2-90D8-3BE42477588D} = {62C8436A-1EF2-4E80-B112-8210495D5050}
		{B9CECB62-C683-49A0-8B4A-656DA29F05BC} = {62C8436A-1EF2-4E80-B112-8210495D5050}
		{039E0F15-540A-4969-987F-66D87F3006FA} = {8693690B-1F4C-4B11-B276-A5BD7F352805}
		{A461BC33-D6FA-4933-8250-C505363CC6AD} = {8693690B-1F4C-4B11-B276-A5BD7F352805}
		{2C1CC9AA-90E6-4A8B-BB09-5E2B84939F05} = {8693690B-1F4C-4B11-B276-A5BD7F352805}
	EndGlobalSection
	GlobalSection(ExtensibilityGlobals) = postSolution
		SolutionGuid = {E0B2C509-5128-4706-8AA9-298A9350274B}
	EndGlobalSection
EndGlobal
